// !$*UTF8*$!
{
	archiveVersion = 1;
	classes = {
	};
	objectVersion = 50;
	objects = {

/* Begin PBXBuildFile section */
		68637659B0CD2179F155DB50 /* Pods_Login.framework in Frameworks */ = {isa = PBXBuildFile; fileRef = 2E90210708673C8EF3C238F2 /* Pods_Login.framework */; };
		D144948024F6525200F7AC8C /* DSModule.framework in Frameworks */ = {isa = PBXBuildFile; fileRef = D144947F24F6525200F7AC8C /* DSModule.framework */; };
		D144948124F6525200F7AC8C /* DSModule.framework in Embed Frameworks */ = {isa = PBXBuildFile; fileRef = D144947F24F6525200F7AC8C /* DSModule.framework */; settings = {ATTRIBUTES = (CodeSignOnCopy, RemoveHeadersOnCopy, ); }; };
		D144949724F6567C00F7AC8C /* Core.framework in Frameworks */ = {isa = PBXBuildFile; fileRef = D144949624F6567C00F7AC8C /* Core.framework */; };
		D144949824F6567C00F7AC8C /* Core.framework in Embed Frameworks */ = {isa = PBXBuildFile; fileRef = D144949624F6567C00F7AC8C /* Core.framework */; settings = {ATTRIBUTES = (CodeSignOnCopy, RemoveHeadersOnCopy, ); }; };
		D14494A224F6570900F7AC8C /* LoginViewController.swift in Sources */ = {isa = PBXBuildFile; fileRef = D144949C24F6570900F7AC8C /* LoginViewController.swift */; };
		D14494A324F6570900F7AC8C /* LoginModule.swift in Sources */ = {isa = PBXBuildFile; fileRef = D144949E24F6570900F7AC8C /* LoginModule.swift */; };
		D14494A424F6570900F7AC8C /* LoginView.xib in Resources */ = {isa = PBXBuildFile; fileRef = D14494A024F6570900F7AC8C /* LoginView.xib */; };
		D14494A524F6570900F7AC8C /* LoginView.swift in Sources */ = {isa = PBXBuildFile; fileRef = D14494A124F6570900F7AC8C /* LoginView.swift */; };
		D14494A724F6572500F7AC8C /* LoginServiceImp.swift in Sources */ = {isa = PBXBuildFile; fileRef = D14494A624F6572500F7AC8C /* LoginServiceImp.swift */; };
		D197B2AB24F60E8D003EDB23 /* Login.h in Headers */ = {isa = PBXBuildFile; fileRef = D197B2A924F60E8D003EDB23 /* Login.h */; settings = {ATTRIBUTES = (Public, ); }; };
/* End PBXBuildFile section */

/* Begin PBXCopyFilesBuildPhase section */
		D144948224F6525200F7AC8C /* Embed Frameworks */ = {
			isa = PBXCopyFilesBuildPhase;
			buildActionMask = 2147483647;
			dstPath = "";
			dstSubfolderSpec = 10;
			files = (
				D144948124F6525200F7AC8C /* DSModule.framework in Embed Frameworks */,
				D144949824F6567C00F7AC8C /* Core.framework in Embed Frameworks */,
			);
			name = "Embed Frameworks";
			runOnlyForDeploymentPostprocessing = 0;
		};
/* End PBXCopyFilesBuildPhase section */

/* Begin PBXFileReference section */
		2E90210708673C8EF3C238F2 /* Pods_Login.framework */ = {isa = PBXFileReference; explicitFileType = wrapper.framework; includeInIndex = 0; path = Pods_Login.framework; sourceTree = BUILT_PRODUCTS_DIR; };
		42B5F5A31D15458B900D615C /* Pods-Login.debug.xcconfig */ = {isa = PBXFileReference; includeInIndex = 1; lastKnownFileType = text.xcconfig; name = "Pods-Login.debug.xcconfig"; path = "Target Support Files/Pods-Login/Pods-Login.debug.xcconfig"; sourceTree = "<group>"; };
		7CE872E43F0C986FF7F28683 /* Pods-Login.release.xcconfig */ = {isa = PBXFileReference; includeInIndex = 1; lastKnownFileType = text.xcconfig; name = "Pods-Login.release.xcconfig"; path = "Target Support Files/Pods-Login/Pods-Login.release.xcconfig"; sourceTree = "<group>"; };
		D144947F24F6525200F7AC8C /* DSModule.framework */ = {isa = PBXFileReference; explicitFileType = wrapper.framework; path = DSModule.framework; sourceTree = BUILT_PRODUCTS_DIR; };
		D144949624F6567C00F7AC8C /* Core.framework */ = {isa = PBXFileReference; explicitFileType = wrapper.framework; path = Core.framework; sourceTree = BUILT_PRODUCTS_DIR; };
		D144949C24F6570900F7AC8C /* LoginViewController.swift */ = {isa = PBXFileReference; fileEncoding = 4; lastKnownFileType = sourcecode.swift; path = LoginViewController.swift; sourceTree = "<group>"; };
		D144949E24F6570900F7AC8C /* LoginModule.swift */ = {isa = PBXFileReference; fileEncoding = 4; lastKnownFileType = sourcecode.swift; path = LoginModule.swift; sourceTree = "<group>"; };
		D14494A024F6570900F7AC8C /* LoginView.xib */ = {isa = PBXFileReference; fileEncoding = 4; lastKnownFileType = file.xib; path = LoginView.xib; sourceTree = "<group>"; };
		D14494A124F6570900F7AC8C /* LoginView.swift */ = {isa = PBXFileReference; fileEncoding = 4; lastKnownFileType = sourcecode.swift; path = LoginView.swift; sourceTree = "<group>"; };
		D14494A624F6572500F7AC8C /* LoginServiceImp.swift */ = {isa = PBXFileReference; lastKnownFileType = sourcecode.swift; path = LoginServiceImp.swift; sourceTree = "<group>"; };
		D197B2A624F60E8D003EDB23 /* Login.framework */ = {isa = PBXFileReference; explicitFileType = wrapper.framework; includeInIndex = 0; path = Login.framework; sourceTree = BUILT_PRODUCTS_DIR; };
		D197B2A924F60E8D003EDB23 /* Login.h */ = {isa = PBXFileReference; lastKnownFileType = sourcecode.c.h; path = Login.h; sourceTree = "<group>"; };
		D197B2AA24F60E8D003EDB23 /* Info.plist */ = {isa = PBXFileReference; lastKnownFileType = text.plist.xml; path = Info.plist; sourceTree = "<group>"; };
/* End PBXFileReference section */

/* Begin PBXFrameworksBuildPhase section */
		D197B2A324F60E8D003EDB23 /* Frameworks */ = {
			isa = PBXFrameworksBuildPhase;
			buildActionMask = 2147483647;
			files = (
				68637659B0CD2179F155DB50 /* Pods_Login.framework in Frameworks */,
				D144949724F6567C00F7AC8C /* Core.framework in Frameworks */,
				D144948024F6525200F7AC8C /* DSModule.framework in Frameworks */,
			);
			runOnlyForDeploymentPostprocessing = 0;
		};
/* End PBXFrameworksBuildPhase section */

/* Begin PBXGroup section */
		125CBC653EDA78A55EC42C62 /* Frameworks */ = {
			isa = PBXGroup;
			children = (
				D144949624F6567C00F7AC8C /* Core.framework */,
				D144947F24F6525200F7AC8C /* DSModule.framework */,
				2E90210708673C8EF3C238F2 /* Pods_Login.framework */,
			);
			name = Frameworks;
			sourceTree = "<group>";
		};
		D144949B24F6570900F7AC8C /* vc */ = {
			isa = PBXGroup;
			children = (
				D144949C24F6570900F7AC8C /* LoginViewController.swift */,
			);
			path = vc;
			sourceTree = "<group>";
		};
		D144949D24F6570900F7AC8C /* module */ = {
			isa = PBXGroup;
			children = (
				D144949E24F6570900F7AC8C /* LoginModule.swift */,
				D14494A624F6572500F7AC8C /* LoginServiceImp.swift */,
			);
			path = module;
			sourceTree = "<group>";
		};
		D144949F24F6570900F7AC8C /* view */ = {
			isa = PBXGroup;
			children = (
				D14494A024F6570900F7AC8C /* LoginView.xib */,
				D14494A124F6570900F7AC8C /* LoginView.swift */,
			);
			path = view;
			sourceTree = "<group>";
		};
		D197B29C24F60E8D003EDB23 = {
			isa = PBXGroup;
			children = (
				D197B2A824F60E8D003EDB23 /* Login */,
				D197B2A724F60E8D003EDB23 /* Products */,
				F27CF57C21FF4CCAF454E5DC /* Pods */,
				125CBC653EDA78A55EC42C62 /* Frameworks */,
			);
			sourceTree = "<group>";
		};
		D197B2A724F60E8D003EDB23 /* Products */ = {
			isa = PBXGroup;
			children = (
				D197B2A624F60E8D003EDB23 /* Login.framework */,
			);
			name = Products;
			sourceTree = "<group>";
		};
		D197B2A824F60E8D003EDB23 /* Login */ = {
			isa = PBXGroup;
			children = (
				D144949D24F6570900F7AC8C /* module */,
				D144949B24F6570900F7AC8C /* vc */,
				D144949F24F6570900F7AC8C /* view */,
				D197B2A924F60E8D003EDB23 /* Login.h */,
				D197B2AA24F60E8D003EDB23 /* Info.plist */,
			);
			path = Login;
			sourceTree = "<group>";
		};
		F27CF57C21FF4CCAF454E5DC /* Pods */ = {
			isa = PBXGroup;
			children = (
				42B5F5A31D15458B900D615C /* Pods-Login.debug.xcconfig */,
				7CE872E43F0C986FF7F28683 /* Pods-Login.release.xcconfig */,
			);
			name = Pods;
			path = ../Pods;
			sourceTree = "<group>";
		};
/* End PBXGroup section */

/* Begin PBXHeadersBuildPhase section */
		D197B2A124F60E8D003EDB23 /* Headers */ = {
			isa = PBXHeadersBuildPhase;
			buildActionMask = 2147483647;
			files = (
				D197B2AB24F60E8D003EDB23 /* Login.h in Headers */,
			);
			runOnlyForDeploymentPostprocessing = 0;
		};
/* End PBXHeadersBuildPhase section */

/* Begin PBXNativeTarget section */
		D197B2A524F60E8D003EDB23 /* Login */ = {
			isa = PBXNativeTarget;
			buildConfigurationList = D197B2AE24F60E8D003EDB23 /* Build configuration list for PBXNativeTarget "Login" */;
			buildPhases = (
				32F643457EA14C4A9611B078 /* [CP] Check Pods Manifest.lock */,
				D197B2A124F60E8D003EDB23 /* Headers */,
				D197B2A224F60E8D003EDB23 /* Sources */,
				D197B2A324F60E8D003EDB23 /* Frameworks */,
				D197B2A424F60E8D003EDB23 /* Resources */,
				D144948224F6525200F7AC8C /* Embed Frameworks */,
			);
			buildRules = (
			);
			dependencies = (
			);
			name = Login;
			productName = Login;
			productReference = D197B2A624F60E8D003EDB23 /* Login.framework */;
			productType = "com.apple.product-type.framework";
		};
/* End PBXNativeTarget section */

/* Begin PBXProject section */
		D197B29D24F60E8D003EDB23 /* Project object */ = {
			isa = PBXProject;
			attributes = {
				LastUpgradeCheck = 1140;
				ORGANIZATIONNAME = tg.ltd;
				TargetAttributes = {
					D197B2A524F60E8D003EDB23 = {
						CreatedOnToolsVersion = 11.4.1;
						LastSwiftMigration = 1140;
					};
				};
			};
			buildConfigurationList = D197B2A024F60E8D003EDB23 /* Build configuration list for PBXProject "Login" */;
			compatibilityVersion = "Xcode 9.3";
			developmentRegion = en;
			hasScannedForEncodings = 0;
			knownRegions = (
				en,
				Base,
			);
			mainGroup = D197B29C24F60E8D003EDB23;
			productRefGroup = D197B2A724F60E8D003EDB23 /* Products */;
			projectDirPath = "";
			projectRoot = "";
			targets = (
				D197B2A524F60E8D003EDB23 /* Login */,
			);
		};
/* End PBXProject section */

/* Begin PBXResourcesBuildPhase section */
		D197B2A424F60E8D003EDB23 /* Resources */ = {
			isa = PBXResourcesBuildPhase;
			buildActionMask = 2147483647;
			files = (
				D14494A424F6570900F7AC8C /* LoginView.xib in Resources */,
			);
			runOnlyForDeploymentPostprocessing = 0;
		};
/* End PBXResourcesBuildPhase section */

/* Begin PBXShellScriptBuildPhase section */
		32F643457EA14C4A9611B078 /* [CP] Check Pods Manifest.lock */ = {
			isa = PBXShellScriptBuildPhase;
			buildActionMask = 2147483647;
			files = (
			);
			inputFileListPaths = (
			);
			inputPaths = (
				"${PODS_PODFILE_DIR_PATH}/Podfile.lock",
				"${PODS_ROOT}/Manifest.lock",
			);
			name = "[CP] Check Pods Manifest.lock";
			outputFileListPaths = (
			);
			outputPaths = (
				"$(DERIVED_FILE_DIR)/Pods-Login-checkManifestLockResult.txt",
			);
			runOnlyForDeploymentPostprocessing = 0;
			shellPath = /bin/sh;
			shellScript = "diff \"${PODS_PODFILE_DIR_PATH}/Podfile.lock\" \"${PODS_ROOT}/Manifest.lock\" > /dev/null\nif [ $? != 0 ] ; then\n    # print error to STDERR\n    echo \"error: The sandbox is not in sync with the Podfile.lock. Run 'pod install' or update your CocoaPods installation.\" >&2\n    exit 1\nfi\n# This output is used by Xcode 'outputs' to avoid re-running this script phase.\necho \"SUCCESS\" > \"${SCRIPT_OUTPUT_FILE_0}\"\n";
			showEnvVarsInLog = 0;
		};
/* End PBXShellScriptBuildPhase section */

/* Begin PBXSourcesBuildPhase section */
		D197B2A224F60E8D003EDB23 /* Sources */ = {
			isa = PBXSourcesBuildPhase;
			buildActionMask = 2147483647;
			files = (
				D14494A724F6572500F7AC8C /* LoginServiceImp.swift in Sources */,
				D14494A524F6570900F7AC8C /* LoginView.swift in Sources */,
				D14494A224F6570900F7AC8C /* LoginViewController.swift in Sources */,
				D14494A324F6570900F7AC8C /* LoginModule.swift in Sources */,
			);
			runOnlyForDeploymentPostprocessing = 0;
		};
/* End PBXSourcesBuildPhase section */

/* Begin XCBuildConfiguration section */
		D197B2AC24F60E8D003EDB23 /* Debug */ = {
			isa = XCBuildConfiguration;
			buildSettings = {
				ALWAYS_SEARCH_USER_PATHS = NO;
				CLANG_ANALYZER_NONNULL = YES;
				CLANG_ANALYZER_NUMBER_OBJECT_CONVERSION = YES_AGGRESSIVE;
				CLANG_CXX_LANGUAGE_STANDARD = "gnu++14";
				CLANG_CXX_LIBRARY = "libc++";
				CLANG_ENABLE_MODULES = YES;
				CLANG_ENABLE_OBJC_ARC = YES;
				CLANG_ENABLE_OBJC_WEAK = YES;
				CLANG_WARN_BLOCK_CAPTURE_AUTORELEASING = YES;
				CLANG_WARN_BOOL_CONVERSION = YES;
				CLANG_WARN_COMMA = YES;
				CLANG_WARN_CONSTANT_CONVERSION = YES;
				CLANG_WARN_DEPRECATED_OBJC_IMPLEMENTATIONS = YES;
				CLANG_WARN_DIRECT_OBJC_ISA_USAGE = YES_ERROR;
				CLANG_WARN_DOCUMENTATION_COMMENTS = YES;
				CLANG_WARN_EMPTY_BODY = YES;
				CLANG_WARN_ENUM_CONVERSION = YES;
				CLANG_WARN_INFINITE_RECURSION = YES;
				CLANG_WARN_INT_CONVERSION = YES;
				CLANG_WARN_NON_LITERAL_NULL_CONVERSION = YES;
				CLANG_WARN_OBJC_IMPLICIT_RETAIN_SELF = YES;
				CLANG_WARN_OBJC_LITERAL_CONVERSION = YES;
				CLANG_WARN_OBJC_ROOT_CLASS = YES_ERROR;
				CLANG_WARN_RANGE_LOOP_ANALYSIS = YES;
				CLANG_WARN_STRICT_PROTOTYPES = YES;
				CLANG_WARN_SUSPICIOUS_MOVE = YES;
				CLANG_WARN_UNGUARDED_AVAILABILITY = YES_AGGRESSIVE;
				CLANG_WARN_UNREACHABLE_CODE = YES;
				CLANG_WARN__DUPLICATE_METHOD_MATCH = YES;
				COPY_PHASE_STRIP = NO;
				CURRENT_PROJECT_VERSION = 1;
				DEBUG_INFORMATION_FORMAT = dwarf;
				ENABLE_STRICT_OBJC_MSGSEND = YES;
				ENABLE_TESTABILITY = YES;
				GCC_C_LANGUAGE_STANDARD = gnu11;
				GCC_DYNAMIC_NO_PIC = NO;
				GCC_NO_COMMON_BLOCKS = YES;
				GCC_OPTIMIZATION_LEVEL = 0;
				GCC_PREPROCESSOR_DEFINITIONS = (
					"DEBUG=1",
					"$(inherited)",
				);
				GCC_WARN_64_TO_32_BIT_CONVERSION = YES;
				GCC_WARN_ABOUT_RETURN_TYPE = YES_ERROR;
				GCC_WARN_UNDECLARED_SELECTOR = YES;
				GCC_WARN_UNINITIALIZED_AUTOS = YES_AGGRESSIVE;
				GCC_WARN_UNUSED_FUNCTION = YES;
				GCC_WARN_UNUSED_VARIABLE = YES;
				IPHONEOS_DEPLOYMENT_TARGET = 13.4;
				MTL_ENABLE_DEBUG_INFO = INCLUDE_SOURCE;
				MTL_FAST_MATH = YES;
				ONLY_ACTIVE_ARCH = YES;
				SDKROOT = iphoneos;
				SWIFT_ACTIVE_COMPILATION_CONDITIONS = DEBUG;
				SWIFT_OPTIMIZATION_LEVEL = "-Onone";
				VERSIONING_SYSTEM = "apple-generic";
				VERSION_INFO_PREFIX = "";
			};
			name = Debug;
		};
		D197B2AD24F60E8D003EDB23 /* Release */ = {
			isa = XCBuildConfiguration;
			buildSettings = {
				ALWAYS_SEARCH_USER_PATHS = NO;
				CLANG_ANALYZER_NONNULL = YES;
				CLANG_ANALYZER_NUMBER_OBJECT_CONVERSION = YES_AGGRESSIVE;
				CLANG_CXX_LANGUAGE_STANDARD = "gnu++14";
				CLANG_CXX_LIBRARY = "libc++";
				CLANG_ENABLE_MODULES = YES;
				CLANG_ENABLE_OBJC_ARC = YES;
				CLANG_ENABLE_OBJC_WEAK = YES;
				CLANG_WARN_BLOCK_CAPTURE_AUTORELEASING = YES;
				CLANG_WARN_BOOL_CONVERSION = YES;
				CLANG_WARN_COMMA = YES;
				CLANG_WARN_CONSTANT_CONVERSION = YES;
				CLANG_WARN_DEPRECATED_OBJC_IMPLEMENTATIONS = YES;
				CLANG_WARN_DIRECT_OBJC_ISA_USAGE = YES_ERROR;
				CLANG_WARN_DOCUMENTATION_COMMENTS = YES;
				CLANG_WARN_EMPTY_BODY = YES;
				CLANG_WARN_ENUM_CONVERSION = YES;
				CLANG_WARN_INFINITE_RECURSION = YES;
				CLANG_WARN_INT_CONVERSION = YES;
				CLANG_WARN_NON_LITERAL_NULL_CONVERSION = YES;
				CLANG_WARN_OBJC_IMPLICIT_RETAIN_SELF = YES;
				CLANG_WARN_OBJC_LITERAL_CONVERSION = YES;
				CLANG_WARN_OBJC_ROOT_CLASS = YES_ERROR;
				CLANG_WARN_RANGE_LOOP_ANALYSIS = YES;
				CLANG_WARN_STRICT_PROTOTYPES = YES;
				CLANG_WARN_SUSPICIOUS_MOVE = YES;
				CLANG_WARN_UNGUARDED_AVAILABILITY = YES_AGGRESSIVE;
				CLANG_WARN_UNREACHABLE_CODE = YES;
				CLANG_WARN__DUPLICATE_METHOD_MATCH = YES;
				COPY_PHASE_STRIP = NO;
				CURRENT_PROJECT_VERSION = 1;
				DEBUG_INFORMATION_FORMAT = "dwarf-with-dsym";
				ENABLE_NS_ASSERTIONS = NO;
				ENABLE_STRICT_OBJC_MSGSEND = YES;
				GCC_C_LANGUAGE_STANDARD = gnu11;
				GCC_NO_COMMON_BLOCKS = YES;
				GCC_WARN_64_TO_32_BIT_CONVERSION = YES;
				GCC_WARN_ABOUT_RETURN_TYPE = YES_ERROR;
				GCC_WARN_UNDECLARED_SELECTOR = YES;
				GCC_WARN_UNINITIALIZED_AUTOS = YES_AGGRESSIVE;
				GCC_WARN_UNUSED_FUNCTION = YES;
				GCC_WARN_UNUSED_VARIABLE = YES;
				IPHONEOS_DEPLOYMENT_TARGET = 13.4;
				MTL_ENABLE_DEBUG_INFO = NO;
				MTL_FAST_MATH = YES;
				SDKROOT = iphoneos;
				SWIFT_COMPILATION_MODE = wholemodule;
				SWIFT_OPTIMIZATION_LEVEL = "-O";
				VALIDATE_PRODUCT = YES;
				VERSIONING_SYSTEM = "apple-generic";
				VERSION_INFO_PREFIX = "";
			};
			name = Release;
		};
		D197B2AF24F60E8D003EDB23 /* Debug */ = {
			isa = XCBuildConfiguration;
			baseConfigurationReference = 42B5F5A31D15458B900D615C /* Pods-Login.debug.xcconfig */;
			buildSettings = {
				CLANG_ENABLE_MODULES = YES;
				CODE_SIGN_STYLE = Automatic;
				DEFINES_MODULE = YES;
				DYLIB_COMPATIBILITY_VERSION = 1;
				DYLIB_CURRENT_VERSION = 1;
				DYLIB_INSTALL_NAME_BASE = "@rpath";
				INFOPLIST_FILE = Login/Info.plist;
				INSTALL_PATH = "$(LOCAL_LIBRARY_DIR)/Frameworks";
				IPHONEOS_DEPLOYMENT_TARGET = 9.0;
				LD_RUNPATH_SEARCH_PATHS = (
					"$(inherited)",
					"@executable_path/Frameworks",
					"@loader_path/Frameworks",
				);
				PRODUCT_BUNDLE_IDENTIFIER = com.ds.Login;
				PRODUCT_NAME = "$(TARGET_NAME:c99extidentifier)";
				SKIP_INSTALL = YES;
				SWIFT_OPTIMIZATION_LEVEL = "-Onone";
				SWIFT_VERSION = 5.0;
				TARGETED_DEVICE_FAMILY = "1,2";
			};
			name = Debug;
		};
		D197B2B024F60E8D003EDB23 /* Release */ = {
			isa = XCBuildConfiguration;
			baseConfigurationReference = 7CE872E43F0C986FF7F28683 /* Pods-Login.release.xcconfig */;
			buildSettings = {
				CLANG_ENABLE_MODULES = YES;
				CODE_SIGN_STYLE = Automatic;
				DEFINES_MODULE = YES;
				DYLIB_COMPATIBILITY_VERSION = 1;
				DYLIB_CURRENT_VERSION = 1;
				DYLIB_INSTALL_NAME_BASE = "@rpath";
				INFOPLIST_FILE = Login/Info.plist;
				INSTALL_PATH = "$(LOCAL_LIBRARY_DIR)/Frameworks";
				IPHONEOS_DEPLOYMENT_TARGET = 9.0;
				LD_RUNPATH_SEARCH_PATHS = (
					"$(inherited)",
					"@executable_path/Frameworks",
					"@loader_path/Frameworks",
				);
				PRODUCT_BUNDLE_IDENTIFIER = com.ds.Login;
				PRODUCT_NAME = "$(TARGET_NAME:c99extidentifier)";
				SKIP_INSTALL = YES;
				SWIFT_VERSION = 5.0;
				TARGETED_DEVICE_FAMILY = "1,2";
			};
			name = Release;
		};
/* End XCBuildConfiguration section */

/* Begin XCConfigurationList section */
		D197B2A024F60E8D003EDB23 /* Build configuration list for PBXProject "Login" */ = {
			isa = XCConfigurationList;
			buildConfigurations = (
				D197B2AC24F60E8D003EDB23 /* Debug */,
				D197B2AD24F60E8D003EDB23 /* Release */,
			);
			defaultConfigurationIsVisible = 0;
			defaultConfigurationName = Release;
		};
		D197B2AE24F60E8D003EDB23 /* Build configuration list for PBXNativeTarget "Login" */ = {
			isa = XCConfigurationList;
			buildConfigurations = (
				D197B2AF24F60E8D003EDB23 /* Debug */,
				D197B2B024F60E8D003EDB23 /* Release */,
			);
			defaultConfigurationIsVisible = 0;
			defaultConfigurationName = Release;
		};
/* End XCConfigurationList section */
	};
	rootObject = D197B29D24F60E8D003EDB23 /* Project object */;
}
